// !$*UTF8*$!
{
	archiveVersion = 1;
	classes = {
	};
	objectVersion = 46;
	objects = {

/* Begin PBXBuildFile section */
		1621489B1CABF2EC0029CF93 /* PostComponentView.swift in Sources */ = {isa = PBXBuildFile; fileRef = 1621489A1CABF2EC0029CF93 /* PostComponentView.swift */; };
		1621489D1CABF5E70029CF93 /* WithComponent.swift in Sources */ = {isa = PBXBuildFile; fileRef = 1621489C1CABF5E70029CF93 /* WithComponent.swift */; };
		165B2BEA1C89E7B8009F81AB /* Extensions.swift in Sources */ = {isa = PBXBuildFile; fileRef = 165B2BE91C89E7B8009F81AB /* Extensions.swift */; };
		166426351CA977EC00371BB0 /* Geometry.swift in Sources */ = {isa = PBXBuildFile; fileRef = 166426341CA977EC00371BB0 /* Geometry.swift */; };
		1664263C1CAA789100371BB0 /* WithListOfComponents.swift in Sources */ = {isa = PBXBuildFile; fileRef = 1664263B1CAA789100371BB0 /* WithListOfComponents.swift */; };
		168E96441C89AF6B00AEEC7F /* AppDelegate.swift in Sources */ = {isa = PBXBuildFile; fileRef = 168E96431C89AF6B00AEEC7F /* AppDelegate.swift */; };
		168E96461C89AF6B00AEEC7F /* WithoutComponent.swift in Sources */ = {isa = PBXBuildFile; fileRef = 168E96451C89AF6B00AEEC7F /* WithoutComponent.swift */; };
		168E96491C89AF6B00AEEC7F /* Main.storyboard in Resources */ = {isa = PBXBuildFile; fileRef = 168E96471C89AF6B00AEEC7F /* Main.storyboard */; };
		168E964B1C89AF6B00AEEC7F /* Assets.xcassets in Resources */ = {isa = PBXBuildFile; fileRef = 168E964A1C89AF6B00AEEC7F /* Assets.xcassets */; };
		168E964E1C89AF6B00AEEC7F /* LaunchScreen.storyboard in Resources */ = {isa = PBXBuildFile; fileRef = 168E964C1C89AF6B00AEEC7F /* LaunchScreen.storyboard */; };
		168E96571C89B32F00AEEC7F /* Layout.swift in Sources */ = {isa = PBXBuildFile; fileRef = 16C073881C889DB9005EB8DD /* Layout.swift */; };
		168E96581C89B32F00AEEC7F /* ViewType.swift in Sources */ = {isa = PBXBuildFile; fileRef = 168E96531C89AF8800AEEC7F /* ViewType.swift */; };
		16A1D4E21C930E3A001AEDD7 /* main.m in Sources */ = {isa = PBXBuildFile; fileRef = 16A1D4E11C930E3A001AEDD7 /* main.m */; };
		16C0737D1C889D09005EB8DD /* FlexboxLayout.h in Headers */ = {isa = PBXBuildFile; fileRef = 16C0737C1C889D09005EB8DD /* FlexboxLayout.h */; settings = {ATTRIBUTES = (Public, ); }; };
		16C073861C889D15005EB8DD /* Layout.c in Sources */ = {isa = PBXBuildFile; fileRef = 16C073841C889D15005EB8DD /* Layout.c */; };
		16C073871C889D15005EB8DD /* Layout.h in Headers */ = {isa = PBXBuildFile; fileRef = 16C073851C889D15005EB8DD /* Layout.h */; settings = {ATTRIBUTES = (Public, ); }; };
		965856C11CCD785400ECA86C /* Components.swift in Sources */ = {isa = PBXBuildFile; fileRef = 965856BF1CCD785400ECA86C /* Components.swift */; };
		965856C21CCD785400ECA86C /* Extensions.swift in Sources */ = {isa = PBXBuildFile; fileRef = 965856C01CCD785400ECA86C /* Extensions.swift */; };
		965856C31CCD787500ECA86C /* Extensions.swift in Sources */ = {isa = PBXBuildFile; fileRef = 965856C01CCD785400ECA86C /* Extensions.swift */; };
		965856C41CCD787900ECA86C /* Components.swift in Sources */ = {isa = PBXBuildFile; fileRef = 965856BF1CCD785400ECA86C /* Components.swift */; };
		965856C71CCD792A00ECA86C /* LikesComponentView.swift in Sources */ = {isa = PBXBuildFile; fileRef = 965856C51CCD792A00ECA86C /* LikesComponentView.swift */; };
		965856C81CCD792A00ECA86C /* WithTableView.swift in Sources */ = {isa = PBXBuildFile; fileRef = 965856C61CCD792A00ECA86C /* WithTableView.swift */; };
		D003544E1CA9A5E0006DA250 /* AppDelegate.swift in Sources */ = {isa = PBXBuildFile; fileRef = D003544D1CA9A5E0006DA250 /* AppDelegate.swift */; };
		D00354501CA9A5E0006DA250 /* ViewController.swift in Sources */ = {isa = PBXBuildFile; fileRef = D003544F1CA9A5E0006DA250 /* ViewController.swift */; };
		D00354521CA9A5E0006DA250 /* Assets.xcassets in Resources */ = {isa = PBXBuildFile; fileRef = D00354511CA9A5E0006DA250 /* Assets.xcassets */; };
		D00354551CA9A5E0006DA250 /* Main.storyboard in Resources */ = {isa = PBXBuildFile; fileRef = D00354531CA9A5E0006DA250 /* Main.storyboard */; };
		D00354601CA9A5E0006DA250 /* DemoOSXTests.swift in Sources */ = {isa = PBXBuildFile; fileRef = D003545F1CA9A5E0006DA250 /* DemoOSXTests.swift */; };
		D003546B1CA9A5E0006DA250 /* DemoOSXUITests.swift in Sources */ = {isa = PBXBuildFile; fileRef = D003546A1CA9A5E0006DA250 /* DemoOSXUITests.swift */; };
		D00354761CA9A719006DA250 /* FlexboxLayout.framework in Frameworks */ = {isa = PBXBuildFile; fileRef = 16C073791C889D09005EB8DD /* FlexboxLayout.framework */; };
		D003547F1CA9A7A7006DA250 /* FlexboxLayout-OSX.h in Headers */ = {isa = PBXBuildFile; fileRef = D003547E1CA9A7A7006DA250 /* FlexboxLayout-OSX.h */; settings = {ATTRIBUTES = (Public, ); }; };
		D00354861CA9A7A7006DA250 /* FlexboxLayout.framework in Frameworks */ = {isa = PBXBuildFile; fileRef = D003547C1CA9A7A7006DA250 /* FlexboxLayout.framework */; };
		D003548D1CA9A7A7006DA250 /* FlexboxLayout_OSXTests.swift in Sources */ = {isa = PBXBuildFile; fileRef = D003548C1CA9A7A7006DA250 /* FlexboxLayout_OSXTests.swift */; };
		D00354911CA9A7A7006DA250 /* FlexboxLayout.framework in Frameworks */ = {isa = PBXBuildFile; fileRef = D003547C1CA9A7A7006DA250 /* FlexboxLayout.framework */; };
		D00354921CA9A7A7006DA250 /* FlexboxLayout.framework in Embed Frameworks */ = {isa = PBXBuildFile; fileRef = D003547C1CA9A7A7006DA250 /* FlexboxLayout.framework */; settings = {ATTRIBUTES = (CodeSignOnCopy, RemoveHeadersOnCopy, ); }; };
		D003549A1CA9A7CE006DA250 /* FlexboxLayout.h in Headers */ = {isa = PBXBuildFile; fileRef = 16C0737C1C889D09005EB8DD /* FlexboxLayout.h */; settings = {ATTRIBUTES = (Public, ); }; };
		D003549B1CA9A7D8006DA250 /* Layout.c in Sources */ = {isa = PBXBuildFile; fileRef = 16C073841C889D15005EB8DD /* Layout.c */; };
		D003549C1CA9A7DD006DA250 /* Layout.h in Headers */ = {isa = PBXBuildFile; fileRef = 16C073851C889D15005EB8DD /* Layout.h */; settings = {ATTRIBUTES = (Public, ); }; };
		D003549D1CA9A7E4006DA250 /* Layout.swift in Sources */ = {isa = PBXBuildFile; fileRef = 16C073881C889DB9005EB8DD /* Layout.swift */; };
		D003549E1CA9A7E7006DA250 /* ViewType.swift in Sources */ = {isa = PBXBuildFile; fileRef = 168E96531C89AF8800AEEC7F /* ViewType.swift */; };
		D003549F1CA9A7EA006DA250 /* Geometry.swift in Sources */ = {isa = PBXBuildFile; fileRef = 166426341CA977EC00371BB0 /* Geometry.swift */; };
/* End PBXBuildFile section */

/* Begin PBXContainerItemProxy section */
		D003545C1CA9A5E0006DA250 /* PBXContainerItemProxy */ = {
			isa = PBXContainerItemProxy;
			containerPortal = 16C073701C889D09005EB8DD /* Project object */;
			proxyType = 1;
			remoteGlobalIDString = D003544A1CA9A5E0006DA250;
			remoteInfo = DemoOSX;
		};
		D00354671CA9A5E0006DA250 /* PBXContainerItemProxy */ = {
			isa = PBXContainerItemProxy;
			containerPortal = 16C073701C889D09005EB8DD /* Project object */;
			proxyType = 1;
			remoteGlobalIDString = D003544A1CA9A5E0006DA250;
			remoteInfo = DemoOSX;
		};
		D00354871CA9A7A7006DA250 /* PBXContainerItemProxy */ = {
			isa = PBXContainerItemProxy;
			containerPortal = 16C073701C889D09005EB8DD /* Project object */;
			proxyType = 1;
			remoteGlobalIDString = D003547B1CA9A7A7006DA250;
			remoteInfo = "FlexboxLayout-OSX";
		};
		D00354891CA9A7A7006DA250 /* PBXContainerItemProxy */ = {
			isa = PBXContainerItemProxy;
			containerPortal = 16C073701C889D09005EB8DD /* Project object */;
			proxyType = 1;
			remoteGlobalIDString = D003544A1CA9A5E0006DA250;
			remoteInfo = DemoOSX;
		};
		D003548F1CA9A7A7006DA250 /* PBXContainerItemProxy */ = {
			isa = PBXContainerItemProxy;
			containerPortal = 16C073701C889D09005EB8DD /* Project object */;
			proxyType = 1;
			remoteGlobalIDString = D003547B1CA9A7A7006DA250;
			remoteInfo = "FlexboxLayout-OSX";
		};
/* End PBXContainerItemProxy section */

/* Begin PBXCopyFilesBuildPhase section */
		D00354961CA9A7A7006DA250 /* Embed Frameworks */ = {
			isa = PBXCopyFilesBuildPhase;
			buildActionMask = 2147483647;
			dstPath = "";
			dstSubfolderSpec = 10;
			files = (
				D00354921CA9A7A7006DA250 /* FlexboxLayout.framework in Embed Frameworks */,
			);
			name = "Embed Frameworks";
			runOnlyForDeploymentPostprocessing = 0;
		};
/* End PBXCopyFilesBuildPhase section */

/* Begin PBXFileReference section */
		1621489A1CABF2EC0029CF93 /* PostComponentView.swift */ = {isa = PBXFileReference; fileEncoding = 4; lastKnownFileType = sourcecode.swift; path = PostComponentView.swift; sourceTree = "<group>"; };
		1621489C1CABF5E70029CF93 /* WithComponent.swift */ = {isa = PBXFileReference; fileEncoding = 4; lastKnownFileType = sourcecode.swift; path = WithComponent.swift; sourceTree = "<group>"; };
		165B2BE91C89E7B8009F81AB /* Extensions.swift */ = {isa = PBXFileReference; fileEncoding = 4; lastKnownFileType = sourcecode.swift; path = Extensions.swift; sourceTree = "<group>"; };
		166426341CA977EC00371BB0 /* Geometry.swift */ = {isa = PBXFileReference; fileEncoding = 4; lastKnownFileType = sourcecode.swift; path = Geometry.swift; sourceTree = "<group>"; };
		1664263B1CAA789100371BB0 /* WithListOfComponents.swift */ = {isa = PBXFileReference; fileEncoding = 4; lastKnownFileType = sourcecode.swift; path = WithListOfComponents.swift; sourceTree = "<group>"; };
		168E96411C89AF6B00AEEC7F /* Demo.app */ = {isa = PBXFileReference; explicitFileType = wrapper.application; includeInIndex = 0; path = Demo.app; sourceTree = BUILT_PRODUCTS_DIR; };
		168E96431C89AF6B00AEEC7F /* AppDelegate.swift */ = {isa = PBXFileReference; lastKnownFileType = sourcecode.swift; path = AppDelegate.swift; sourceTree = "<group>"; };
		168E96451C89AF6B00AEEC7F /* WithoutComponent.swift */ = {isa = PBXFileReference; lastKnownFileType = sourcecode.swift; path = WithoutComponent.swift; sourceTree = "<group>"; };
		168E96481C89AF6B00AEEC7F /* Base */ = {isa = PBXFileReference; lastKnownFileType = file.storyboard; name = Base; path = Base.lproj/Main.storyboard; sourceTree = "<group>"; };
		168E964A1C89AF6B00AEEC7F /* Assets.xcassets */ = {isa = PBXFileReference; lastKnownFileType = folder.assetcatalog; path = Assets.xcassets; sourceTree = "<group>"; };
		168E964D1C89AF6B00AEEC7F /* Base */ = {isa = PBXFileReference; lastKnownFileType = file.storyboard; name = Base; path = Base.lproj/LaunchScreen.storyboard; sourceTree = "<group>"; };
		168E964F1C89AF6B00AEEC7F /* Info.plist */ = {isa = PBXFileReference; lastKnownFileType = text.plist.xml; path = Info.plist; sourceTree = "<group>"; };
		168E96531C89AF8800AEEC7F /* ViewType.swift */ = {isa = PBXFileReference; fileEncoding = 4; lastKnownFileType = sourcecode.swift; path = ViewType.swift; sourceTree = "<group>"; };
		16A1D4E01C930E3A001AEDD7 /* Demo-Bridging-Header.h */ = {isa = PBXFileReference; lastKnownFileType = sourcecode.c.h; path = "Demo-Bridging-Header.h"; sourceTree = "<group>"; };
		16A1D4E11C930E3A001AEDD7 /* main.m */ = {isa = PBXFileReference; fileEncoding = 4; lastKnownFileType = sourcecode.c.objc; path = main.m; sourceTree = "<group>"; };
		16C073791C889D09005EB8DD /* FlexboxLayout.framework */ = {isa = PBXFileReference; explicitFileType = wrapper.framework; includeInIndex = 0; path = FlexboxLayout.framework; sourceTree = BUILT_PRODUCTS_DIR; };
		16C0737C1C889D09005EB8DD /* FlexboxLayout.h */ = {isa = PBXFileReference; lastKnownFileType = sourcecode.c.h; path = FlexboxLayout.h; sourceTree = "<group>"; };
		16C0737E1C889D0A005EB8DD /* Info.plist */ = {isa = PBXFileReference; lastKnownFileType = text.plist.xml; path = Info.plist; sourceTree = "<group>"; };
		16C073841C889D15005EB8DD /* Layout.c */ = {isa = PBXFileReference; fileEncoding = 4; lastKnownFileType = sourcecode.c.c; path = Layout.c; sourceTree = "<group>"; };
		16C073851C889D15005EB8DD /* Layout.h */ = {isa = PBXFileReference; fileEncoding = 4; lastKnownFileType = sourcecode.c.h; path = Layout.h; sourceTree = "<group>"; };
		16C073881C889DB9005EB8DD /* Layout.swift */ = {isa = PBXFileReference; fileEncoding = 4; lastKnownFileType = sourcecode.swift; path = Layout.swift; sourceTree = "<group>"; };
		965856BF1CCD785400ECA86C /* Components.swift */ = {isa = PBXFileReference; fileEncoding = 4; lastKnownFileType = sourcecode.swift; path = Components.swift; sourceTree = "<group>"; };
		965856C01CCD785400ECA86C /* Extensions.swift */ = {isa = PBXFileReference; fileEncoding = 4; lastKnownFileType = sourcecode.swift; path = Extensions.swift; sourceTree = "<group>"; };
		965856C51CCD792A00ECA86C /* LikesComponentView.swift */ = {isa = PBXFileReference; fileEncoding = 4; lastKnownFileType = sourcecode.swift; path = LikesComponentView.swift; sourceTree = "<group>"; };
		965856C61CCD792A00ECA86C /* WithTableView.swift */ = {isa = PBXFileReference; fileEncoding = 4; lastKnownFileType = sourcecode.swift; path = WithTableView.swift; sourceTree = "<group>"; };
		D003544B1CA9A5E0006DA250 /* DemoOSX.app */ = {isa = PBXFileReference; explicitFileType = wrapper.application; includeInIndex = 0; path = DemoOSX.app; sourceTree = BUILT_PRODUCTS_DIR; };
		D003544D1CA9A5E0006DA250 /* AppDelegate.swift */ = {isa = PBXFileReference; lastKnownFileType = sourcecode.swift; path = AppDelegate.swift; sourceTree = "<group>"; };
		D003544F1CA9A5E0006DA250 /* ViewController.swift */ = {isa = PBXFileReference; lastKnownFileType = sourcecode.swift; path = ViewController.swift; sourceTree = "<group>"; };
		D00354511CA9A5E0006DA250 /* Assets.xcassets */ = {isa = PBXFileReference; lastKnownFileType = folder.assetcatalog; path = Assets.xcassets; sourceTree = "<group>"; };
		D00354541CA9A5E0006DA250 /* Base */ = {isa = PBXFileReference; lastKnownFileType = file.storyboard; name = Base; path = Base.lproj/Main.storyboard; sourceTree = "<group>"; };
		D00354561CA9A5E0006DA250 /* Info.plist */ = {isa = PBXFileReference; lastKnownFileType = text.plist.xml; path = Info.plist; sourceTree = "<group>"; };
		D003545B1CA9A5E0006DA250 /* DemoOSXTests.xctest */ = {isa = PBXFileReference; explicitFileType = wrapper.cfbundle; includeInIndex = 0; path = DemoOSXTests.xctest; sourceTree = BUILT_PRODUCTS_DIR; };
		D003545F1CA9A5E0006DA250 /* DemoOSXTests.swift */ = {isa = PBXFileReference; lastKnownFileType = sourcecode.swift; path = DemoOSXTests.swift; sourceTree = "<group>"; };
		D00354611CA9A5E0006DA250 /* Info.plist */ = {isa = PBXFileReference; lastKnownFileType = text.plist.xml; path = Info.plist; sourceTree = "<group>"; };
		D00354661CA9A5E0006DA250 /* DemoOSXUITests.xctest */ = {isa = PBXFileReference; explicitFileType = wrapper.cfbundle; includeInIndex = 0; path = DemoOSXUITests.xctest; sourceTree = BUILT_PRODUCTS_DIR; };
		D003546A1CA9A5E0006DA250 /* DemoOSXUITests.swift */ = {isa = PBXFileReference; lastKnownFileType = sourcecode.swift; path = DemoOSXUITests.swift; sourceTree = "<group>"; };
		D003546C1CA9A5E0006DA250 /* Info.plist */ = {isa = PBXFileReference; lastKnownFileType = text.plist.xml; path = Info.plist; sourceTree = "<group>"; };
		D003547C1CA9A7A7006DA250 /* FlexboxLayout.framework */ = {isa = PBXFileReference; explicitFileType = wrapper.framework; includeInIndex = 0; path = FlexboxLayout.framework; sourceTree = BUILT_PRODUCTS_DIR; };
		D003547E1CA9A7A7006DA250 /* FlexboxLayout-OSX.h */ = {isa = PBXFileReference; lastKnownFileType = sourcecode.c.h; path = "FlexboxLayout-OSX.h"; sourceTree = "<group>"; };
		D00354801CA9A7A7006DA250 /* Info.plist */ = {isa = PBXFileReference; lastKnownFileType = text.plist.xml; path = Info.plist; sourceTree = "<group>"; };
		D00354851CA9A7A7006DA250 /* FlexboxLayout-OSXTests.xctest */ = {isa = PBXFileReference; explicitFileType = wrapper.cfbundle; includeInIndex = 0; path = "FlexboxLayout-OSXTests.xctest"; sourceTree = BUILT_PRODUCTS_DIR; };
		D003548C1CA9A7A7006DA250 /* FlexboxLayout_OSXTests.swift */ = {isa = PBXFileReference; lastKnownFileType = sourcecode.swift; path = FlexboxLayout_OSXTests.swift; sourceTree = "<group>"; };
		D003548E1CA9A7A7006DA250 /* Info.plist */ = {isa = PBXFileReference; lastKnownFileType = text.plist.xml; path = Info.plist; sourceTree = "<group>"; };
/* End PBXFileReference section */

/* Begin PBXFrameworksBuildPhase section */
		168E963E1C89AF6B00AEEC7F /* Frameworks */ = {
			isa = PBXFrameworksBuildPhase;
			buildActionMask = 2147483647;
			files = (
			);
			runOnlyForDeploymentPostprocessing = 0;
		};
		16C073751C889D09005EB8DD /* Frameworks */ = {
			isa = PBXFrameworksBuildPhase;
			buildActionMask = 2147483647;
			files = (
			);
			runOnlyForDeploymentPostprocessing = 0;
		};
		D00354481CA9A5E0006DA250 /* Frameworks */ = {
			isa = PBXFrameworksBuildPhase;
			buildActionMask = 2147483647;
			files = (
				D00354911CA9A7A7006DA250 /* FlexboxLayout.framework in Frameworks */,
				D00354761CA9A719006DA250 /* FlexboxLayout.framework in Frameworks */,
			);
			runOnlyForDeploymentPostprocessing = 0;
		};
		D00354581CA9A5E0006DA250 /* Frameworks */ = {
			isa = PBXFrameworksBuildPhase;
			buildActionMask = 2147483647;
			files = (
			);
			runOnlyForDeploymentPostprocessing = 0;
		};
		D00354631CA9A5E0006DA250 /* Frameworks */ = {
			isa = PBXFrameworksBuildPhase;
			buildActionMask = 2147483647;
			files = (
			);
			runOnlyForDeploymentPostprocessing = 0;
		};
		D00354781CA9A7A7006DA250 /* Frameworks */ = {
			isa = PBXFrameworksBuildPhase;
			buildActionMask = 2147483647;
			files = (
			);
			runOnlyForDeploymentPostprocessing = 0;
		};
		D00354821CA9A7A7006DA250 /* Frameworks */ = {
			isa = PBXFrameworksBuildPhase;
			buildActionMask = 2147483647;
			files = (
				D00354861CA9A7A7006DA250 /* FlexboxLayout.framework in Frameworks */,
			);
			runOnlyForDeploymentPostprocessing = 0;
		};
/* End PBXFrameworksBuildPhase section */

/* Begin PBXGroup section */
		168E96421C89AF6B00AEEC7F /* Demo */ = {
			isa = PBXGroup;
			children = (
				965856C51CCD792A00ECA86C /* LikesComponentView.swift */,
				965856C61CCD792A00ECA86C /* WithTableView.swift */,
				168E96431C89AF6B00AEEC7F /* AppDelegate.swift */,
				168E96451C89AF6B00AEEC7F /* WithoutComponent.swift */,
				1621489C1CABF5E70029CF93 /* WithComponent.swift */,
				1664263B1CAA789100371BB0 /* WithListOfComponents.swift */,
				1621489A1CABF2EC0029CF93 /* PostComponentView.swift */,
				168E96471C89AF6B00AEEC7F /* Main.storyboard */,
				168E964A1C89AF6B00AEEC7F /* Assets.xcassets */,
				168E964C1C89AF6B00AEEC7F /* LaunchScreen.storyboard */,
				168E964F1C89AF6B00AEEC7F /* Info.plist */,
				165B2BE91C89E7B8009F81AB /* Extensions.swift */,
				16A1D4E11C930E3A001AEDD7 /* main.m */,
				16A1D4E01C930E3A001AEDD7 /* Demo-Bridging-Header.h */,
			);
			path = Demo;
			sourceTree = "<group>";
		};
		16C0736F1C889D09005EB8DD = {
			isa = PBXGroup;
			children = (
				16C0737B1C889D09005EB8DD /* FlexboxLayout */,
				168E96421C89AF6B00AEEC7F /* Demo */,
				D003544C1CA9A5E0006DA250 /* DemoOSX */,
				D003545E1CA9A5E0006DA250 /* DemoOSXTests */,
				D00354691CA9A5E0006DA250 /* DemoOSXUITests */,
				D003547D1CA9A7A7006DA250 /* FlexboxLayout-OSX */,
				D003548B1CA9A7A7006DA250 /* FlexboxLayout-OSXTests */,
				16C0737A1C889D09005EB8DD /* Products */,
			);
			sourceTree = "<group>";
		};
		16C0737A1C889D09005EB8DD /* Products */ = {
			isa = PBXGroup;
			children = (
				16C073791C889D09005EB8DD /* FlexboxLayout.framework */,
				168E96411C89AF6B00AEEC7F /* Demo.app */,
				D003544B1CA9A5E0006DA250 /* DemoOSX.app */,
				D003545B1CA9A5E0006DA250 /* DemoOSXTests.xctest */,
				D00354661CA9A5E0006DA250 /* DemoOSXUITests.xctest */,
				D003547C1CA9A7A7006DA250 /* FlexboxLayout.framework */,
				D00354851CA9A7A7006DA250 /* FlexboxLayout-OSXTests.xctest */,
			);
			name = Products;
			sourceTree = "<group>";
		};
		16C0737B1C889D09005EB8DD /* FlexboxLayout */ = {
			isa = PBXGroup;
			children = (
				965856BF1CCD785400ECA86C /* Components.swift */,
				965856C01CCD785400ECA86C /* Extensions.swift */,
				16C0737C1C889D09005EB8DD /* FlexboxLayout.h */,
				16C0737E1C889D0A005EB8DD /* Info.plist */,
				16C073841C889D15005EB8DD /* Layout.c */,
				16C073851C889D15005EB8DD /* Layout.h */,
				16C073881C889DB9005EB8DD /* Layout.swift */,
				168E96531C89AF8800AEEC7F /* ViewType.swift */,
				166426341CA977EC00371BB0 /* Geometry.swift */,
			);
			path = FlexboxLayout;
			sourceTree = "<group>";
		};
		D003544C1CA9A5E0006DA250 /* DemoOSX */ = {
			isa = PBXGroup;
			children = (
				D003544D1CA9A5E0006DA250 /* AppDelegate.swift */,
				D003544F1CA9A5E0006DA250 /* ViewController.swift */,
				D00354511CA9A5E0006DA250 /* Assets.xcassets */,
				D00354531CA9A5E0006DA250 /* Main.storyboard */,
				D00354561CA9A5E0006DA250 /* Info.plist */,
			);
			path = DemoOSX;
			sourceTree = "<group>";
		};
		D003545E1CA9A5E0006DA250 /* DemoOSXTests */ = {
			isa = PBXGroup;
			children = (
				D003545F1CA9A5E0006DA250 /* DemoOSXTests.swift */,
				D00354611CA9A5E0006DA250 /* Info.plist */,
			);
			path = DemoOSXTests;
			sourceTree = "<group>";
		};
		D00354691CA9A5E0006DA250 /* DemoOSXUITests */ = {
			isa = PBXGroup;
			children = (
				D003546A1CA9A5E0006DA250 /* DemoOSXUITests.swift */,
				D003546C1CA9A5E0006DA250 /* Info.plist */,
			);
			path = DemoOSXUITests;
			sourceTree = "<group>";
		};
		D003547D1CA9A7A7006DA250 /* FlexboxLayout-OSX */ = {
			isa = PBXGroup;
			children = (
				D003547E1CA9A7A7006DA250 /* FlexboxLayout-OSX.h */,
				D00354801CA9A7A7006DA250 /* Info.plist */,
			);
			path = "FlexboxLayout-OSX";
			sourceTree = "<group>";
		};
		D003548B1CA9A7A7006DA250 /* FlexboxLayout-OSXTests */ = {
			isa = PBXGroup;
			children = (
				D003548C1CA9A7A7006DA250 /* FlexboxLayout_OSXTests.swift */,
				D003548E1CA9A7A7006DA250 /* Info.plist */,
			);
			path = "FlexboxLayout-OSXTests";
			sourceTree = "<group>";
		};
/* End PBXGroup section */

/* Begin PBXHeadersBuildPhase section */
		16C073761C889D09005EB8DD /* Headers */ = {
			isa = PBXHeadersBuildPhase;
			buildActionMask = 2147483647;
			files = (
				16C073871C889D15005EB8DD /* Layout.h in Headers */,
				16C0737D1C889D09005EB8DD /* FlexboxLayout.h in Headers */,
			);
			runOnlyForDeploymentPostprocessing = 0;
		};
		D00354791CA9A7A7006DA250 /* Headers */ = {
			isa = PBXHeadersBuildPhase;
			buildActionMask = 2147483647;
			files = (
				D003547F1CA9A7A7006DA250 /* FlexboxLayout-OSX.h in Headers */,
				D003549A1CA9A7CE006DA250 /* FlexboxLayout.h in Headers */,
				D003549C1CA9A7DD006DA250 /* Layout.h in Headers */,
			);
			runOnlyForDeploymentPostprocessing = 0;
		};
/* End PBXHeadersBuildPhase section */

/* Begin PBXNativeTarget section */
		168E96401C89AF6B00AEEC7F /* Demo */ = {
			isa = PBXNativeTarget;
			buildConfigurationList = 168E96501C89AF6B00AEEC7F /* Build configuration list for PBXNativeTarget "Demo" */;
			buildPhases = (
				168E963D1C89AF6B00AEEC7F /* Sources */,
				168E963E1C89AF6B00AEEC7F /* Frameworks */,
				168E963F1C89AF6B00AEEC7F /* Resources */,
			);
			buildRules = (
			);
			dependencies = (
			);
			name = Demo;
			productName = Demo;
			productReference = 168E96411C89AF6B00AEEC7F /* Demo.app */;
			productType = "com.apple.product-type.application";
		};
		16C073781C889D09005EB8DD /* FlexboxLayout */ = {
			isa = PBXNativeTarget;
			buildConfigurationList = 16C073811C889D0A005EB8DD /* Build configuration list for PBXNativeTarget "FlexboxLayout" */;
			buildPhases = (
				16C073741C889D09005EB8DD /* Sources */,
				16C073751C889D09005EB8DD /* Frameworks */,
				16C073761C889D09005EB8DD /* Headers */,
				16C073771C889D09005EB8DD /* Resources */,
			);
			buildRules = (
			);
			dependencies = (
			);
			name = FlexboxLayout;
			productName = FlexboxLayout;
			productReference = 16C073791C889D09005EB8DD /* FlexboxLayout.framework */;
			productType = "com.apple.product-type.framework";
		};
		D003544A1CA9A5E0006DA250 /* DemoOSX */ = {
			isa = PBXNativeTarget;
			buildConfigurationList = D00354731CA9A5E0006DA250 /* Build configuration list for PBXNativeTarget "DemoOSX" */;
			buildPhases = (
				D00354471CA9A5E0006DA250 /* Sources */,
				D00354481CA9A5E0006DA250 /* Frameworks */,
				D00354491CA9A5E0006DA250 /* Resources */,
				D00354961CA9A7A7006DA250 /* Embed Frameworks */,
			);
			buildRules = (
			);
			dependencies = (
				D00354901CA9A7A7006DA250 /* PBXTargetDependency */,
			);
			name = DemoOSX;
			productName = DemoOSX;
			productReference = D003544B1CA9A5E0006DA250 /* DemoOSX.app */;
			productType = "com.apple.product-type.application";
		};
		D003545A1CA9A5E0006DA250 /* DemoOSXTests */ = {
			isa = PBXNativeTarget;
			buildConfigurationList = D00354741CA9A5E0006DA250 /* Build configuration list for PBXNativeTarget "DemoOSXTests" */;
			buildPhases = (
				D00354571CA9A5E0006DA250 /* Sources */,
				D00354581CA9A5E0006DA250 /* Frameworks */,
				D00354591CA9A5E0006DA250 /* Resources */,
			);
			buildRules = (
			);
			dependencies = (
				D003545D1CA9A5E0006DA250 /* PBXTargetDependency */,
			);
			name = DemoOSXTests;
			productName = DemoOSXTests;
			productReference = D003545B1CA9A5E0006DA250 /* DemoOSXTests.xctest */;
			productType = "com.apple.product-type.bundle.unit-test";
		};
		D00354651CA9A5E0006DA250 /* DemoOSXUITests */ = {
			isa = PBXNativeTarget;
			buildConfigurationList = D00354751CA9A5E0006DA250 /* Build configuration list for PBXNativeTarget "DemoOSXUITests" */;
			buildPhases = (
				D00354621CA9A5E0006DA250 /* Sources */,
				D00354631CA9A5E0006DA250 /* Frameworks */,
				D00354641CA9A5E0006DA250 /* Resources */,
			);
			buildRules = (
			);
			dependencies = (
				D00354681CA9A5E0006DA250 /* PBXTargetDependency */,
			);
			name = DemoOSXUITests;
			productName = DemoOSXUITests;
			productReference = D00354661CA9A5E0006DA250 /* DemoOSXUITests.xctest */;
			productType = "com.apple.product-type.bundle.ui-testing";
		};
		D003547B1CA9A7A7006DA250 /* FlexboxLayout-OSX */ = {
			isa = PBXNativeTarget;
			buildConfigurationList = D00354931CA9A7A7006DA250 /* Build configuration list for PBXNativeTarget "FlexboxLayout-OSX" */;
			buildPhases = (
				D00354771CA9A7A7006DA250 /* Sources */,
				D00354781CA9A7A7006DA250 /* Frameworks */,
				D00354791CA9A7A7006DA250 /* Headers */,
				D003547A1CA9A7A7006DA250 /* Resources */,
			);
			buildRules = (
			);
			dependencies = (
			);
			name = "FlexboxLayout-OSX";
			productName = "FlexboxLayout-OSX";
			productReference = D003547C1CA9A7A7006DA250 /* FlexboxLayout.framework */;
			productType = "com.apple.product-type.framework";
		};
		D00354841CA9A7A7006DA250 /* FlexboxLayout-OSXTests */ = {
			isa = PBXNativeTarget;
			buildConfigurationList = D00354971CA9A7A7006DA250 /* Build configuration list for PBXNativeTarget "FlexboxLayout-OSXTests" */;
			buildPhases = (
				D00354811CA9A7A7006DA250 /* Sources */,
				D00354821CA9A7A7006DA250 /* Frameworks */,
				D00354831CA9A7A7006DA250 /* Resources */,
			);
			buildRules = (
			);
			dependencies = (
				D00354881CA9A7A7006DA250 /* PBXTargetDependency */,
				D003548A1CA9A7A7006DA250 /* PBXTargetDependency */,
			);
			name = "FlexboxLayout-OSXTests";
			productName = "FlexboxLayout-OSXTests";
			productReference = D00354851CA9A7A7006DA250 /* FlexboxLayout-OSXTests.xctest */;
			productType = "com.apple.product-type.bundle.unit-test";
		};
/* End PBXNativeTarget section */

/* Begin PBXProject section */
		16C073701C889D09005EB8DD /* Project object */ = {
			isa = PBXProject;
			attributes = {
				LastSwiftUpdateCheck = 0730;
				LastUpgradeCheck = 0720;
				ORGANIZATIONNAME = "Alex Usbergo";
				TargetAttributes = {
					168E96401C89AF6B00AEEC7F = {
						CreatedOnToolsVersion = 7.2.1;
					};
					16C073781C889D09005EB8DD = {
						CreatedOnToolsVersion = 7.2.1;
					};
					D003544A1CA9A5E0006DA250 = {
						CreatedOnToolsVersion = 7.3;
					};
					D003545A1CA9A5E0006DA250 = {
						CreatedOnToolsVersion = 7.3;
						TestTargetID = D003544A1CA9A5E0006DA250;
					};
					D00354651CA9A5E0006DA250 = {
						CreatedOnToolsVersion = 7.3;
						TestTargetID = D003544A1CA9A5E0006DA250;
					};
					D003547B1CA9A7A7006DA250 = {
						CreatedOnToolsVersion = 7.3;
					};
					D00354841CA9A7A7006DA250 = {
						CreatedOnToolsVersion = 7.3;
						TestTargetID = D003544A1CA9A5E0006DA250;
					};
				};
			};
			buildConfigurationList = 16C073731C889D09005EB8DD /* Build configuration list for PBXProject "FlexboxLayout" */;
			compatibilityVersion = "Xcode 3.2";
			developmentRegion = English;
			hasScannedForEncodings = 0;
			knownRegions = (
				en,
				Base,
			);
			mainGroup = 16C0736F1C889D09005EB8DD;
			productRefGroup = 16C0737A1C889D09005EB8DD /* Products */;
			projectDirPath = "";
			projectRoot = "";
			targets = (
				16C073781C889D09005EB8DD /* FlexboxLayout */,
				168E96401C89AF6B00AEEC7F /* Demo */,
				D003544A1CA9A5E0006DA250 /* DemoOSX */,
				D003545A1CA9A5E0006DA250 /* DemoOSXTests */,
				D00354651CA9A5E0006DA250 /* DemoOSXUITests */,
				D003547B1CA9A7A7006DA250 /* FlexboxLayout-OSX */,
				D00354841CA9A7A7006DA250 /* FlexboxLayout-OSXTests */,
			);
		};
/* End PBXProject section */

/* Begin PBXResourcesBuildPhase section */
		168E963F1C89AF6B00AEEC7F /* Resources */ = {
			isa = PBXResourcesBuildPhase;
			buildActionMask = 2147483647;
			files = (
				168E964E1C89AF6B00AEEC7F /* LaunchScreen.storyboard in Resources */,
				168E964B1C89AF6B00AEEC7F /* Assets.xcassets in Resources */,
				168E96491C89AF6B00AEEC7F /* Main.storyboard in Resources */,
			);
			runOnlyForDeploymentPostprocessing = 0;
		};
		16C073771C889D09005EB8DD /* Resources */ = {
			isa = PBXResourcesBuildPhase;
			buildActionMask = 2147483647;
			files = (
			);
			runOnlyForDeploymentPostprocessing = 0;
		};
		D00354491CA9A5E0006DA250 /* Resources */ = {
			isa = PBXResourcesBuildPhase;
			buildActionMask = 2147483647;
			files = (
				D00354521CA9A5E0006DA250 /* Assets.xcassets in Resources */,
				D00354551CA9A5E0006DA250 /* Main.storyboard in Resources */,
			);
			runOnlyForDeploymentPostprocessing = 0;
		};
		D00354591CA9A5E0006DA250 /* Resources */ = {
			isa = PBXResourcesBuildPhase;
			buildActionMask = 2147483647;
			files = (
			);
			runOnlyForDeploymentPostprocessing = 0;
		};
		D00354641CA9A5E0006DA250 /* Resources */ = {
			isa = PBXResourcesBuildPhase;
			buildActionMask = 2147483647;
			files = (
			);
			runOnlyForDeploymentPostprocessing = 0;
		};
		D003547A1CA9A7A7006DA250 /* Resources */ = {
			isa = PBXResourcesBuildPhase;
			buildActionMask = 2147483647;
			files = (
			);
			runOnlyForDeploymentPostprocessing = 0;
		};
		D00354831CA9A7A7006DA250 /* Resources */ = {
			isa = PBXResourcesBuildPhase;
			buildActionMask = 2147483647;
			files = (
			);
			runOnlyForDeploymentPostprocessing = 0;
		};
/* End PBXResourcesBuildPhase section */

/* Begin PBXSourcesBuildPhase section */
		168E963D1C89AF6B00AEEC7F /* Sources */ = {
			isa = PBXSourcesBuildPhase;
			buildActionMask = 2147483647;
			files = (
				1621489D1CABF5E70029CF93 /* WithComponent.swift in Sources */,
				965856C71CCD792A00ECA86C /* LikesComponentView.swift in Sources */,
				168E96461C89AF6B00AEEC7F /* WithoutComponent.swift in Sources */,
				165B2BEA1C89E7B8009F81AB /* Extensions.swift in Sources */,
				1664263C1CAA789100371BB0 /* WithListOfComponents.swift in Sources */,
				16A1D4E21C930E3A001AEDD7 /* main.m in Sources */,
				965856C81CCD792A00ECA86C /* WithTableView.swift in Sources */,
				1621489B1CABF2EC0029CF93 /* PostComponentView.swift in Sources */,
				168E96441C89AF6B00AEEC7F /* AppDelegate.swift in Sources */,
			);
			runOnlyForDeploymentPostprocessing = 0;
		};
		16C073741C889D09005EB8DD /* Sources */ = {
			isa = PBXSourcesBuildPhase;
			buildActionMask = 2147483647;
			files = (
				16C073861C889D15005EB8DD /* Layout.c in Sources */,
				965856C21CCD785400ECA86C /* Extensions.swift in Sources */,
				168E96571C89B32F00AEEC7F /* Layout.swift in Sources */,
				965856C11CCD785400ECA86C /* Components.swift in Sources */,
				168E96581C89B32F00AEEC7F /* ViewType.swift in Sources */,
				166426351CA977EC00371BB0 /* Geometry.swift in Sources */,
			);
			runOnlyForDeploymentPostprocessing = 0;
		};
		D00354471CA9A5E0006DA250 /* Sources */ = {
			isa = PBXSourcesBuildPhase;
			buildActionMask = 2147483647;
			files = (
				D00354501CA9A5E0006DA250 /* ViewController.swift in Sources */,
				D003544E1CA9A5E0006DA250 /* AppDelegate.swift in Sources */,
			);
			runOnlyForDeploymentPostprocessing = 0;
		};
		D00354571CA9A5E0006DA250 /* Sources */ = {
			isa = PBXSourcesBuildPhase;
			buildActionMask = 2147483647;
			files = (
				D00354601CA9A5E0006DA250 /* DemoOSXTests.swift in Sources */,
			);
			runOnlyForDeploymentPostprocessing = 0;
		};
		D00354621CA9A5E0006DA250 /* Sources */ = {
			isa = PBXSourcesBuildPhase;
			buildActionMask = 2147483647;
			files = (
				D003546B1CA9A5E0006DA250 /* DemoOSXUITests.swift in Sources */,
			);
			runOnlyForDeploymentPostprocessing = 0;
		};
		D00354771CA9A7A7006DA250 /* Sources */ = {
			isa = PBXSourcesBuildPhase;
			buildActionMask = 2147483647;
			files = (
				965856C31CCD787500ECA86C /* Extensions.swift in Sources */,
				965856C41CCD787900ECA86C /* Components.swift in Sources */,
				D003549E1CA9A7E7006DA250 /* ViewType.swift in Sources */,
				D003549F1CA9A7EA006DA250 /* Geometry.swift in Sources */,
				D003549B1CA9A7D8006DA250 /* Layout.c in Sources */,
				D003549D1CA9A7E4006DA250 /* Layout.swift in Sources */,
			);
			runOnlyForDeploymentPostprocessing = 0;
		};
		D00354811CA9A7A7006DA250 /* Sources */ = {
			isa = PBXSourcesBuildPhase;
			buildActionMask = 2147483647;
			files = (
				D003548D1CA9A7A7006DA250 /* FlexboxLayout_OSXTests.swift in Sources */,
			);
			runOnlyForDeploymentPostprocessing = 0;
		};
/* End PBXSourcesBuildPhase section */

/* Begin PBXTargetDependency section */
		D003545D1CA9A5E0006DA250 /* PBXTargetDependency */ = {
			isa = PBXTargetDependency;
			target = D003544A1CA9A5E0006DA250 /* DemoOSX */;
			targetProxy = D003545C1CA9A5E0006DA250 /* PBXContainerItemProxy */;
		};
		D00354681CA9A5E0006DA250 /* PBXTargetDependency */ = {
			isa = PBXTargetDependency;
			target = D003544A1CA9A5E0006DA250 /* DemoOSX */;
			targetProxy = D00354671CA9A5E0006DA250 /* PBXContainerItemProxy */;
		};
		D00354881CA9A7A7006DA250 /* PBXTargetDependency */ = {
			isa = PBXTargetDependency;
			target = D003547B1CA9A7A7006DA250 /* FlexboxLayout-OSX */;
			targetProxy = D00354871CA9A7A7006DA250 /* PBXContainerItemProxy */;
		};
		D003548A1CA9A7A7006DA250 /* PBXTargetDependency */ = {
			isa = PBXTargetDependency;
			target = D003544A1CA9A5E0006DA250 /* DemoOSX */;
			targetProxy = D00354891CA9A7A7006DA250 /* PBXContainerItemProxy */;
		};
		D00354901CA9A7A7006DA250 /* PBXTargetDependency */ = {
			isa = PBXTargetDependency;
			target = D003547B1CA9A7A7006DA250 /* FlexboxLayout-OSX */;
			targetProxy = D003548F1CA9A7A7006DA250 /* PBXContainerItemProxy */;
		};
/* End PBXTargetDependency section */

/* Begin PBXVariantGroup section */
		168E96471C89AF6B00AEEC7F /* Main.storyboard */ = {
			isa = PBXVariantGroup;
			children = (
				168E96481C89AF6B00AEEC7F /* Base */,
			);
			name = Main.storyboard;
			sourceTree = "<group>";
		};
		168E964C1C89AF6B00AEEC7F /* LaunchScreen.storyboard */ = {
			isa = PBXVariantGroup;
			children = (
				168E964D1C89AF6B00AEEC7F /* Base */,
			);
			name = LaunchScreen.storyboard;
			sourceTree = "<group>";
		};
		D00354531CA9A5E0006DA250 /* Main.storyboard */ = {
			isa = PBXVariantGroup;
			children = (
				D00354541CA9A5E0006DA250 /* Base */,
			);
			name = Main.storyboard;
			sourceTree = "<group>";
		};
/* End PBXVariantGroup section */

/* Begin XCBuildConfiguration section */
		168E96511C89AF6B00AEEC7F /* Debug */ = {
			isa = XCBuildConfiguration;
			buildSettings = {
				ASSETCATALOG_COMPILER_APPICON_NAME = AppIcon;
				CLANG_ENABLE_MODULES = YES;
				GCC_SYMBOLS_PRIVATE_EXTERN = NO;
				INFOPLIST_FILE = Demo/Info.plist;
				IPHONEOS_DEPLOYMENT_TARGET = 9.2;
				LD_RUNPATH_SEARCH_PATHS = "$(inherited) @executable_path/Frameworks";
				PRODUCT_BUNDLE_IDENTIFIER = com.s.Demo;
				PRODUCT_NAME = "$(TARGET_NAME)";
				SWIFT_OBJC_BRIDGING_HEADER = "Demo/Demo-Bridging-Header.h";
				SWIFT_OPTIMIZATION_LEVEL = "-Onone";
			};
			name = Debug;
		};
		168E96521C89AF6B00AEEC7F /* Release */ = {
			isa = XCBuildConfiguration;
			buildSettings = {
				ASSETCATALOG_COMPILER_APPICON_NAME = AppIcon;
				CLANG_ENABLE_MODULES = YES;
				INFOPLIST_FILE = Demo/Info.plist;
				IPHONEOS_DEPLOYMENT_TARGET = 9.2;
				LD_RUNPATH_SEARCH_PATHS = "$(inherited) @executable_path/Frameworks";
				PRODUCT_BUNDLE_IDENTIFIER = com.s.Demo;
				PRODUCT_NAME = "$(TARGET_NAME)";
				SWIFT_OBJC_BRIDGING_HEADER = "Demo/Demo-Bridging-Header.h";
			};
			name = Release;
		};
		16C0737F1C889D0A005EB8DD /* Debug */ = {
			isa = XCBuildConfiguration;
			buildSettings = {
				ALWAYS_SEARCH_USER_PATHS = NO;
				CLANG_ALLOW_NON_MODULAR_INCLUDES_IN_FRAMEWORK_MODULES = YES;
				CLANG_CXX_LANGUAGE_STANDARD = "gnu++0x";
				CLANG_CXX_LIBRARY = "libc++";
				CLANG_ENABLE_MODULES = YES;
				CLANG_ENABLE_OBJC_ARC = YES;
				CLANG_WARN_BOOL_CONVERSION = YES;
				CLANG_WARN_CONSTANT_CONVERSION = YES;
				CLANG_WARN_DIRECT_OBJC_ISA_USAGE = YES_ERROR;
				CLANG_WARN_EMPTY_BODY = YES;
				CLANG_WARN_ENUM_CONVERSION = YES;
				CLANG_WARN_INT_CONVERSION = YES;
				CLANG_WARN_OBJC_ROOT_CLASS = YES_ERROR;
				CLANG_WARN_UNREACHABLE_CODE = YES;
				CLANG_WARN__DUPLICATE_METHOD_MATCH = YES;
				"CODE_SIGN_IDENTITY[sdk=iphoneos*]" = "iPhone Developer";
				COPY_PHASE_STRIP = NO;
				CURRENT_PROJECT_VERSION = 1;
				DEBUG_INFORMATION_FORMAT = dwarf;
				ENABLE_STRICT_OBJC_MSGSEND = YES;
				ENABLE_TESTABILITY = YES;
				GCC_C_LANGUAGE_STANDARD = gnu99;
				GCC_DYNAMIC_NO_PIC = NO;
				GCC_NO_COMMON_BLOCKS = YES;
				GCC_OPTIMIZATION_LEVEL = 0;
				GCC_PREPROCESSOR_DEFINITIONS = (
					"DEBUG=1",
					"$(inherited)",
				);
				GCC_SYMBOLS_PRIVATE_EXTERN = NO;
				GCC_WARN_64_TO_32_BIT_CONVERSION = YES;
				GCC_WARN_ABOUT_RETURN_TYPE = YES_ERROR;
				GCC_WARN_UNDECLARED_SELECTOR = YES;
				GCC_WARN_UNINITIALIZED_AUTOS = YES_AGGRESSIVE;
				GCC_WARN_UNUSED_FUNCTION = YES;
				GCC_WARN_UNUSED_VARIABLE = YES;
				IPHONEOS_DEPLOYMENT_TARGET = 8.0;
				MTL_ENABLE_DEBUG_INFO = YES;
				ONLY_ACTIVE_ARCH = YES;
				SDKROOT = iphoneos;
				SWIFT_OPTIMIZATION_LEVEL = "-Onone";
				TARGETED_DEVICE_FAMILY = "1,2";
				VERSIONING_SYSTEM = "apple-generic";
				VERSION_INFO_PREFIX = "";
			};
			name = Debug;
		};
		16C073801C889D0A005EB8DD /* Release */ = {
			isa = XCBuildConfiguration;
			buildSettings = {
				ALWAYS_SEARCH_USER_PATHS = NO;
				CLANG_ALLOW_NON_MODULAR_INCLUDES_IN_FRAMEWORK_MODULES = YES;
				CLANG_CXX_LANGUAGE_STANDARD = "gnu++0x";
				CLANG_CXX_LIBRARY = "libc++";
				CLANG_ENABLE_MODULES = YES;
				CLANG_ENABLE_OBJC_ARC = YES;
				CLANG_WARN_BOOL_CONVERSION = YES;
				CLANG_WARN_CONSTANT_CONVERSION = YES;
				CLANG_WARN_DIRECT_OBJC_ISA_USAGE = YES_ERROR;
				CLANG_WARN_EMPTY_BODY = YES;
				CLANG_WARN_ENUM_CONVERSION = YES;
				CLANG_WARN_INT_CONVERSION = YES;
				CLANG_WARN_OBJC_ROOT_CLASS = YES_ERROR;
				CLANG_WARN_UNREACHABLE_CODE = YES;
				CLANG_WARN__DUPLICATE_METHOD_MATCH = YES;
				"CODE_SIGN_IDENTITY[sdk=iphoneos*]" = "iPhone Developer";
				COPY_PHASE_STRIP = NO;
				CURRENT_PROJECT_VERSION = 1;
				DEBUG_INFORMATION_FORMAT = "dwarf-with-dsym";
				ENABLE_NS_ASSERTIONS = NO;
				ENABLE_STRICT_OBJC_MSGSEND = YES;
				GCC_C_LANGUAGE_STANDARD = gnu99;
				GCC_NO_COMMON_BLOCKS = YES;
				GCC_WARN_64_TO_32_BIT_CONVERSION = YES;
				GCC_WARN_ABOUT_RETURN_TYPE = YES_ERROR;
				GCC_WARN_UNDECLARED_SELECTOR = YES;
				GCC_WARN_UNINITIALIZED_AUTOS = YES_AGGRESSIVE;
				GCC_WARN_UNUSED_FUNCTION = YES;
				GCC_WARN_UNUSED_VARIABLE = YES;
				IPHONEOS_DEPLOYMENT_TARGET = 8.0;
				MTL_ENABLE_DEBUG_INFO = NO;
				SDKROOT = iphoneos;
				TARGETED_DEVICE_FAMILY = "1,2";
				VALIDATE_PRODUCT = YES;
				VERSIONING_SYSTEM = "apple-generic";
				VERSION_INFO_PREFIX = "";
			};
			name = Release;
		};
		16C073821C889D0A005EB8DD /* Debug */ = {
			isa = XCBuildConfiguration;
			buildSettings = {
				CLANG_ENABLE_MODULES = YES;
				DEFINES_MODULE = YES;
				DYLIB_COMPATIBILITY_VERSION = 1;
				DYLIB_CURRENT_VERSION = 1;
				DYLIB_INSTALL_NAME_BASE = "@rpath";
				GCC_SYMBOLS_PRIVATE_EXTERN = NO;
				INFOPLIST_FILE = FlexboxLayout/Info.plist;
				INSTALL_PATH = "$(LOCAL_LIBRARY_DIR)/Frameworks";
				LD_RUNPATH_SEARCH_PATHS = "$(inherited) @executable_path/Frameworks @loader_path/Frameworks";
				PRODUCT_BUNDLE_IDENTIFIER = com.s.FlexboxLayout;
				PRODUCT_NAME = "$(TARGET_NAME)";
				SKIP_INSTALL = YES;
				SWIFT_OPTIMIZATION_LEVEL = "-Onone";
			};
			name = Debug;
		};
		16C073831C889D0A005EB8DD /* Release */ = {
			isa = XCBuildConfiguration;
			buildSettings = {
				CLANG_ENABLE_MODULES = YES;
				DEFINES_MODULE = YES;
				DYLIB_COMPATIBILITY_VERSION = 1;
				DYLIB_CURRENT_VERSION = 1;
				DYLIB_INSTALL_NAME_BASE = "@rpath";
				INFOPLIST_FILE = FlexboxLayout/Info.plist;
				INSTALL_PATH = "$(LOCAL_LIBRARY_DIR)/Frameworks";
				LD_RUNPATH_SEARCH_PATHS = "$(inherited) @executable_path/Frameworks @loader_path/Frameworks";
				PRODUCT_BUNDLE_IDENTIFIER = com.s.FlexboxLayout;
				PRODUCT_NAME = "$(TARGET_NAME)";
				SKIP_INSTALL = YES;
			};
			name = Release;
		};
		D003546D1CA9A5E0006DA250 /* Debug */ = {
			isa = XCBuildConfiguration;
			buildSettings = {
				ASSETCATALOG_COMPILER_APPICON_NAME = AppIcon;
				CLANG_ANALYZER_NONNULL = YES;
				CODE_SIGN_IDENTITY = "-";
				COMBINE_HIDPI_IMAGES = YES;
				EMBEDDED_CONTENT_CONTAINS_SWIFT = YES;
				INFOPLIST_FILE = DemoOSX/Info.plist;
				LD_RUNPATH_SEARCH_PATHS = "$(inherited) @executable_path/../Frameworks";
				MACOSX_DEPLOYMENT_TARGET = 10.11;
				PRODUCT_BUNDLE_IDENTIFIER = com.microstrategy.demo.DemoOSX;
				PRODUCT_NAME = "$(TARGET_NAME)";
				SDKROOT = macosx;
			};
			name = Debug;
		};
		D003546E1CA9A5E0006DA250 /* Release */ = {
			isa = XCBuildConfiguration;
			buildSettings = {
				ASSETCATALOG_COMPILER_APPICON_NAME = AppIcon;
				CLANG_ANALYZER_NONNULL = YES;
				CODE_SIGN_IDENTITY = "-";
				COMBINE_HIDPI_IMAGES = YES;
				EMBEDDED_CONTENT_CONTAINS_SWIFT = YES;
				INFOPLIST_FILE = DemoOSX/Info.plist;
				LD_RUNPATH_SEARCH_PATHS = "$(inherited) @executable_path/../Frameworks";
				MACOSX_DEPLOYMENT_TARGET = 10.11;
				PRODUCT_BUNDLE_IDENTIFIER = com.microstrategy.demo.DemoOSX;
				PRODUCT_NAME = "$(TARGET_NAME)";
				SDKROOT = macosx;
			};
			name = Release;
		};
		D003546F1CA9A5E0006DA250 /* Debug */ = {
			isa = XCBuildConfiguration;
			buildSettings = {
				BUNDLE_LOADER = "$(TEST_HOST)";
				CLANG_ANALYZER_NONNULL = YES;
				CODE_SIGN_IDENTITY = "-";
				COMBINE_HIDPI_IMAGES = YES;
				INFOPLIST_FILE = DemoOSXTests/Info.plist;
				LD_RUNPATH_SEARCH_PATHS = "$(inherited) @executable_path/../Frameworks @loader_path/../Frameworks";
				MACOSX_DEPLOYMENT_TARGET = 10.11;
				PRODUCT_BUNDLE_IDENTIFIER = com.microstrategy.demo.DemoOSXTests;
				PRODUCT_NAME = "$(TARGET_NAME)";
				SDKROOT = macosx;
				TEST_HOST = "$(BUILT_PRODUCTS_DIR)/DemoOSX.app/Contents/MacOS/DemoOSX";
			};
			name = Debug;
		};
		D00354701CA9A5E0006DA250 /* Release */ = {
			isa = XCBuildConfiguration;
			buildSettings = {
				BUNDLE_LOADER = "$(TEST_HOST)";
				CLANG_ANALYZER_NONNULL = YES;
				CODE_SIGN_IDENTITY = "-";
				COMBINE_HIDPI_IMAGES = YES;
				INFOPLIST_FILE = DemoOSXTests/Info.plist;
				LD_RUNPATH_SEARCH_PATHS = "$(inherited) @executable_path/../Frameworks @loader_path/../Frameworks";
				MACOSX_DEPLOYMENT_TARGET = 10.11;
				PRODUCT_BUNDLE_IDENTIFIER = com.microstrategy.demo.DemoOSXTests;
				PRODUCT_NAME = "$(TARGET_NAME)";
				SDKROOT = macosx;
				TEST_HOST = "$(BUILT_PRODUCTS_DIR)/DemoOSX.app/Contents/MacOS/DemoOSX";
			};
			name = Release;
		};
		D00354711CA9A5E0006DA250 /* Debug */ = {
			isa = XCBuildConfiguration;
			buildSettings = {
				CLANG_ANALYZER_NONNULL = YES;
				CODE_SIGN_IDENTITY = "-";
				COMBINE_HIDPI_IMAGES = YES;
				INFOPLIST_FILE = DemoOSXUITests/Info.plist;
				LD_RUNPATH_SEARCH_PATHS = "$(inherited) @executable_path/../Frameworks @loader_path/../Frameworks";
				MACOSX_DEPLOYMENT_TARGET = 10.11;
				PRODUCT_BUNDLE_IDENTIFIER = com.microstrategy.demo.DemoOSXUITests;
				PRODUCT_NAME = "$(TARGET_NAME)";
				SDKROOT = macosx;
				TEST_TARGET_NAME = DemoOSX;
			};
			name = Debug;
		};
		D00354721CA9A5E0006DA250 /* Release */ = {
			isa = XCBuildConfiguration;
			buildSettings = {
				CLANG_ANALYZER_NONNULL = YES;
				CODE_SIGN_IDENTITY = "-";
				COMBINE_HIDPI_IMAGES = YES;
				INFOPLIST_FILE = DemoOSXUITests/Info.plist;
				LD_RUNPATH_SEARCH_PATHS = "$(inherited) @executable_path/../Frameworks @loader_path/../Frameworks";
				MACOSX_DEPLOYMENT_TARGET = 10.11;
				PRODUCT_BUNDLE_IDENTIFIER = com.microstrategy.demo.DemoOSXUITests;
				PRODUCT_NAME = "$(TARGET_NAME)";
				SDKROOT = macosx;
				TEST_TARGET_NAME = DemoOSX;
			};
			name = Release;
		};
		D00354941CA9A7A7006DA250 /* Debug */ = {
			isa = XCBuildConfiguration;
			buildSettings = {
				CLANG_ANALYZER_NONNULL = YES;
				CODE_SIGN_IDENTITY = "-";
				COMBINE_HIDPI_IMAGES = YES;
				DEFINES_MODULE = YES;
				DYLIB_COMPATIBILITY_VERSION = 1;
				DYLIB_CURRENT_VERSION = 1;
				DYLIB_INSTALL_NAME_BASE = "@rpath";
				FRAMEWORK_VERSION = A;
				INFOPLIST_FILE = "FlexboxLayout-OSX/Info.plist";
				INSTALL_PATH = "$(LOCAL_LIBRARY_DIR)/Frameworks";
				LD_RUNPATH_SEARCH_PATHS = "$(inherited) @executable_path/../Frameworks @loader_path/Frameworks";
				MACOSX_DEPLOYMENT_TARGET = 10.11;
				PRODUCT_BUNDLE_IDENTIFIER = "com.microstrategy.demo.FlexboxLayout-OSX";
				PRODUCT_NAME = FlexboxLayout;
				SDKROOT = macosx;
				SKIP_INSTALL = YES;
			};
			name = Debug;
		};
		D00354951CA9A7A7006DA250 /* Release */ = {
			isa = XCBuildConfiguration;
			buildSettings = {
				CLANG_ANALYZER_NONNULL = YES;
				CODE_SIGN_IDENTITY = "-";
				COMBINE_HIDPI_IMAGES = YES;
				DEFINES_MODULE = YES;
				DYLIB_COMPATIBILITY_VERSION = 1;
				DYLIB_CURRENT_VERSION = 1;
				DYLIB_INSTALL_NAME_BASE = "@rpath";
				FRAMEWORK_VERSION = A;
				INFOPLIST_FILE = "FlexboxLayout-OSX/Info.plist";
				INSTALL_PATH = "$(LOCAL_LIBRARY_DIR)/Frameworks";
				LD_RUNPATH_SEARCH_PATHS = "$(inherited) @executable_path/../Frameworks @loader_path/Frameworks";
				MACOSX_DEPLOYMENT_TARGET = 10.11;
				PRODUCT_BUNDLE_IDENTIFIER = "com.microstrategy.demo.FlexboxLayout-OSX";
				PRODUCT_NAME = FlexboxLayout;
				SDKROOT = macosx;
				SKIP_INSTALL = YES;
			};
			name = Release;
		};
		D00354981CA9A7A7006DA250 /* Debug */ = {
			isa = XCBuildConfiguration;
			buildSettings = {
				CLANG_ANALYZER_NONNULL = YES;
				CODE_SIGN_IDENTITY = "-";
				COMBINE_HIDPI_IMAGES = YES;
				INFOPLIST_FILE = "FlexboxLayout-OSXTests/Info.plist";
				LD_RUNPATH_SEARCH_PATHS = "$(inherited) @executable_path/../Frameworks @loader_path/../Frameworks";
				MACOSX_DEPLOYMENT_TARGET = 10.11;
				PRODUCT_BUNDLE_IDENTIFIER = "com.microstrategy.demo.FlexboxLayout-OSXTests";
				PRODUCT_NAME = "$(TARGET_NAME)";
				SDKROOT = macosx;
				TEST_HOST = "$(BUILT_PRODUCTS_DIR)/DemoOSX.app/Contents/MacOS/DemoOSX";
			};
			name = Debug;
		};
		D00354991CA9A7A7006DA250 /* Release */ = {
			isa = XCBuildConfiguration;
			buildSettings = {
				CLANG_ANALYZER_NONNULL = YES;
				CODE_SIGN_IDENTITY = "-";
				COMBINE_HIDPI_IMAGES = YES;
				INFOPLIST_FILE = "FlexboxLayout-OSXTests/Info.plist";
				LD_RUNPATH_SEARCH_PATHS = "$(inherited) @executable_path/../Frameworks @loader_path/../Frameworks";
				MACOSX_DEPLOYMENT_TARGET = 10.11;
				PRODUCT_BUNDLE_IDENTIFIER = "com.microstrategy.demo.FlexboxLayout-OSXTests";
				PRODUCT_NAME = "$(TARGET_NAME)";
				SDKROOT = macosx;
				TEST_HOST = "$(BUILT_PRODUCTS_DIR)/DemoOSX.app/Contents/MacOS/DemoOSX";
			};
			name = Release;
		};
/* End XCBuildConfiguration section */

/* Begin XCConfigurationList section */
		168E96501C89AF6B00AEEC7F /* Build configuration list for PBXNativeTarget "Demo" */ = {
			isa = XCConfigurationList;
			buildConfigurations = (
				168E96511C89AF6B00AEEC7F /* Debug */,
				168E96521C89AF6B00AEEC7F /* Release */,
			);
			defaultConfigurationIsVisible = 0;
			defaultConfigurationName = Release;
		};
		16C073731C889D09005EB8DD /* Build configuration list for PBXProject "FlexboxLayout" */ = {
			isa = XCConfigurationList;
			buildConfigurations = (
				16C0737F1C889D0A005EB8DD /* Debug */,
				16C073801C889D0A005EB8DD /* Release */,
			);
			defaultConfigurationIsVisible = 0;
			defaultConfigurationName = Release;
		};
		16C073811C889D0A005EB8DD /* Build configuration list for PBXNativeTarget "FlexboxLayout" */ = {
			isa = XCConfigurationList;
			buildConfigurations = (
				16C073821C889D0A005EB8DD /* Debug */,
				16C073831C889D0A005EB8DD /* Release */,
			);
			defaultConfigurationIsVisible = 0;
			defaultConfigurationName = Release;
		};
		D00354731CA9A5E0006DA250 /* Build configuration list for PBXNativeTarget "DemoOSX" */ = {
			isa = XCConfigurationList;
			buildConfigurations = (
				D003546D1CA9A5E0006DA250 /* Debug */,
				D003546E1CA9A5E0006DA250 /* Release */,
			);
			defaultConfigurationIsVisible = 0;
			defaultConfigurationName = Release;
		};
		D00354741CA9A5E0006DA250 /* Build configuration list for PBXNativeTarget "DemoOSXTests" */ = {
			isa = XCConfigurationList;
			buildConfigurations = (
				D003546F1CA9A5E0006DA250 /* Debug */,
				D00354701CA9A5E0006DA250 /* Release */,
			);
			defaultConfigurationIsVisible = 0;
			defaultConfigurationName = Release;
		};
		D00354751CA9A5E0006DA250 /* Build configuration list for PBXNativeTarget "DemoOSXUITests" */ = {
			isa = XCConfigurationList;
			buildConfigurations = (
				D00354711CA9A5E0006DA250 /* Debug */,
				D00354721CA9A5E0006DA250 /* Release */,
			);
			defaultConfigurationIsVisible = 0;
			defaultConfigurationName = Release;
		};
		D00354931CA9A7A7006DA250 /* Build configuration list for PBXNativeTarget "FlexboxLayout-OSX" */ = {
			isa = XCConfigurationList;
			buildConfigurations = (
				D00354941CA9A7A7006DA250 /* Debug */,
				D00354951CA9A7A7006DA250 /* Release */,
			);
			defaultConfigurationIsVisible = 0;
			defaultConfigurationName = Release;
		};
		D00354971CA9A7A7006DA250 /* Build configuration list for PBXNativeTarget "FlexboxLayout-OSXTests" */ = {
			isa = XCConfigurationList;
			buildConfigurations = (
				D00354981CA9A7A7006DA250 /* Debug */,
				D00354991CA9A7A7006DA250 /* Release */,
			);
			defaultConfigurationIsVisible = 0;
			defaultConfigurationName = Release;
		};
/* End XCConfigurationList section */
	};
	rootObject = 16C073701C889D09005EB8DD /* Project object */;
}
